{
  "name": "chess-game",
  "version": "0.0.1",
  "lockfileVersion": 2,
  "requires": true,
  "packages": {
    "": {
      "name": "chess-game",
      "version": "0.0.1",
      "license": "Apache-2.0",
      "dependencies": {
        "chess.js": "^0.13.3",
        "gchessboard": "^0.3.1"
      }
    },
    "node_modules/chess.js": {
      "version": "0.13.3",
      "resolved": "https://registry.npmjs.org/chess.js/-/chess.js-0.13.3.tgz",
      "integrity": "sha512-qQnWyoMYvi9nzF7RgtKgqMyS+OhlbCcc2KbWKs1Vo1/r0aKvJfqeFhRUukp7CD3yZhtttt5k0pPjkkbi9ZXxhg=="
    },
    "node_modules/gchessboard": {
      "version": "0.3.1",
      "resolved": "https://registry.npmjs.org/gchessboard/-/gchessboard-0.3.1.tgz",
      "integrity": "sha512-i1Dmg6NtgyyW2lJ0KErI82bnAWQ4H7KMnaK6wnakflZxokq6L3y9fN8AHuh6gcJpS7jz9pAZUo4SinjdhpRpYg=="
    }
  },
  "dependencies": {
    "chess.js": {
      "version": "0.13.3",
      "resolved": "https://registry.npmjs.org/chess.js/-/chess.js-0.13.3.tgz",
      "integrity": "sha512-qQnWyoMYvi9nzF7RgtKgqMyS+OhlbCcc2KbWKs1Vo1/r0aKvJfqeFhRUukp7CD3yZhtttt5k0pPjkkbi9ZXxhg=="
    },
    "gchessboard": {
      "version": "0.3.1",
      "resolved": "https://registry.npmjs.org/gchessboard/-/gchessboard-0.3.1.tgz",
      "integrity": "sha512-i1Dmg6NtgyyW2lJ0KErI82bnAWQ4H7KMnaK6wnakflZxokq6L3y9fN8AHuh6gcJpS7jz9pAZUo4SinjdhpRpYg=="
    }
  }
}
